// !$*UTF8*$!
{
	archiveVersion = 1;
	classes = {
	};
	objectVersion = 46;
	objects = {

/* Begin PBXBuildFile section */
		76FCCAAB1C33916E00E14939 /* AppDelegate.swift in Sources */ = {isa = PBXBuildFile; fileRef = 76FCCAAA1C33916E00E14939 /* AppDelegate.swift */; };
		76FCCAAD1C33916E00E14939 /* ViewController.swift in Sources */ = {isa = PBXBuildFile; fileRef = 76FCCAAC1C33916E00E14939 /* ViewController.swift */; };
		76FCCAB01C33916E00E14939 /* Main.storyboard in Resources */ = {isa = PBXBuildFile; fileRef = 76FCCAAE1C33916E00E14939 /* Main.storyboard */; };
		76FCCAB21C33916E00E14939 /* Assets.xcassets in Resources */ = {isa = PBXBuildFile; fileRef = 76FCCAB11C33916E00E14939 /* Assets.xcassets */; };
		76FCCAB51C33916E00E14939 /* LaunchScreen.storyboard in Resources */ = {isa = PBXBuildFile; fileRef = 76FCCAB31C33916E00E14939 /* LaunchScreen.storyboard */; };
		76FCCABD1C3398C800E14939 /* StinaButton.swift in Sources */ = {isa = PBXBuildFile; fileRef = 76FCCABC1C3398C800E14939 /* StinaButton.swift */; settings = {ASSET_TAGS = (); }; };
/* End PBXBuildFile section */

/* Begin PBXFileReference section */
		76FCCAA71C33916E00E14939 /* stinababie.app */ = {isa = PBXFileReference; explicitFileType = wrapper.application; includeInIndex = 0; path = stinababie.app; sourceTree = BUILT_PRODUCTS_DIR; };
		76FCCAAA1C33916E00E14939 /* AppDelegate.swift */ = {isa = PBXFileReference; lastKnownFileType = sourcecode.swift; path = AppDelegate.swift; sourceTree = "<group>"; };
		76FCCAAC1C33916E00E14939 /* ViewController.swift */ = {isa = PBXFileReference; lastKnownFileType = sourcecode.swift; path = ViewController.swift; sourceTree = "<group>"; };
		76FCCAAF1C33916E00E14939 /* Base */ = {isa = PBXFileReference; lastKnownFileType = file.storyboard; name = Base; path = Base.lproj/Main.storyboard; sourceTree = "<group>"; };
		76FCCAB11C33916E00E14939 /* Assets.xcassets */ = {isa = PBXFileReference; lastKnownFileType = folder.assetcatalog; path = Assets.xcassets; sourceTree = "<group>"; };
		76FCCAB41C33916E00E14939 /* Base */ = {isa = PBXFileReference; lastKnownFileType = file.storyboard; name = Base; path = Base.lproj/LaunchScreen.storyboard; sourceTree = "<group>"; };
		76FCCAB61C33916E00E14939 /* Info.plist */ = {isa = PBXFileReference; lastKnownFileType = text.plist.xml; path = Info.plist; sourceTree = "<group>"; };
		76FCCABC1C3398C800E14939 /* StinaButton.swift */ = {isa = PBXFileReference; fileEncoding = 4; lastKnownFileType = sourcecode.swift; path = StinaButton.swift; sourceTree = "<group>"; };
/* End PBXFileReference section */

/* Begin PBXFrameworksBuildPhase section */
		76FCCAA41C33916E00E14939 /* Frameworks */ = {
			isa = PBXFrameworksBuildPhase;
			buildActionMask = 2147483647;
			files = (
			);
			runOnlyForDeploymentPostprocessing = 0;
		};
/* End PBXFrameworksBuildPhase section */

/* Begin PBXGroup section */
		76FCCA9E1C33916E00E14939 = {
			isa = PBXGroup;
			children = (
				76FCCAA91C33916E00E14939 /* stinababie */,
				76FCCAA81C33916E00E14939 /* Products */,
			);
			sourceTree = "<group>";
		};
		76FCCAA81C33916E00E14939 /* Products */ = {
			isa = PBXGroup;
			children = (
				76FCCAA71C33916E00E14939 /* stinababie.app */,
			);
			name = Products;
			sourceTree = "<group>";
		};
		76FCCAA91C33916E00E14939 /* stinababie */ = {
			isa = PBXGroup;
			children = (
				76FCCAAA1C33916E00E14939 /* AppDelegate.swift */,
				76FCCAAC1C33916E00E14939 /* ViewController.swift */,
				76FCCAAE1C33916E00E14939 /* Main.storyboard */,
				76FCCAB11C33916E00E14939 /* Assets.xcassets */,
				76FCCAB31C33916E00E14939 /* LaunchScreen.storyboard */,
				76FCCAB61C33916E00E14939 /* Info.plist */,
				76FCCABC1C3398C800E14939 /* StinaButton.swift */,
			);
			path = stinababie;
			sourceTree = "<group>";
		};
/* End PBXGroup section */

/* Begin PBXNativeTarget section */
		76FCCAA61C33916E00E14939 /* stinababie */ = {
			isa = PBXNativeTarget;
			buildConfigurationList = 76FCCAB91C33916E00E14939 /* Build configuration list for PBXNativeTarget "stinababie" */;
			buildPhases = (
				76FCCAA31C33916E00E14939 /* Sources */,
				76FCCAA41C33916E00E14939 /* Frameworks */,
				76FCCAA51C33916E00E14939 /* Resources */,
			);
			buildRules = (
			);
			dependencies = (
			);
			name = stinababie;
			productName = stinababie;
			productReference = 76FCCAA71C33916E00E14939 /* stinababie.app */;
			productType = "com.apple.product-type.application";
		};
/* End PBXNativeTarget section */

/* Begin PBXProject section */
		76FCCA9F1C33916E00E14939 /* Project object */ = {
			isa = PBXProject;
			attributes = {
				LastUpgradeCheck = 0700;
				ORGANIZATIONNAME = "Vu Dang";
				TargetAttributes = {
					76FCCAA61C33916E00E14939 = {
						CreatedOnToolsVersion = 7.0;
					};
				};
			};
			buildConfigurationList = 76FCCAA21C33916E00E14939 /* Build configuration list for PBXProject "stinababie" */;
			compatibilityVersion = "Xcode 3.2";
			developmentRegion = English;
			hasScannedForEncodings = 0;
			knownRegions = (
				en,
				Base,
			);
			mainGroup = 76FCCA9E1C33916E00E14939;
			productRefGroup = 76FCCAA81C33916E00E14939 /* Products */;
			projectDirPath = "";
			projectRoot = "";
			targets = (
				76FCCAA61C33916E00E14939 /* stinababie */,
			);
		};
/* End PBXProject section */

/* Begin PBXResourcesBuildPhase section */
		76FCCAA51C33916E00E14939 /* Resources */ = {
			isa = PBXResourcesBuildPhase;
			buildActionMask = 2147483647;
			files = (
				76FCCAB51C33916E00E14939 /* LaunchScreen.storyboard in Resources */,
				76FCCAB21C33916E00E14939 /* Assets.xcassets in Resources */,
				76FCCAB01C33916E00E14939 /* Main.storyboard in Resources */,
			);
			runOnlyForDeploymentPostprocessing = 0;
		};
/* End PBXResourcesBuildPhase section */

/* Begin PBXSourcesBuildPhase section */
		76FCCAA31C33916E00E14939 /* Sources */ = {
			isa = PBXSourcesBuildPhase;
			buildActionMask = 2147483647;
			files = (
				76FCCABD1C3398C800E14939 /* StinaButton.swift in Sources */,
				76FCCAAD1C33916E00E14939 /* ViewController.swift in Sources */,
				76FCCAAB1C33916E00E14939 /* AppDelegate.swift in Sources */,
			);
			runOnlyForDeploymentPostprocessing = 0;
		};
/* End PBXSourcesBuildPhase section */

/* Begin PBXVariantGroup section */
		76FCCAAE1C33916E00E14939 /* Main.storyboard */ = {
			isa = PBXVariantGroup;
			children = (
				76FCCAAF1C33916E00E14939 /* Base */,
			);
			name = Main.storyboard;
			sourceTree = "<group>";
		};
		76FCCAB31C33916E00E14939 /* LaunchScreen.storyboard */ = {
			isa = PBXVariantGroup;
			children = (
				76FCCAB41C33916E00E14939 /* Base */,
			);
			name = LaunchScreen.storyboard;
			sourceTree = "<group>";
		};
/* End PBXVariantGroup section */

/* Begin XCBuildConfiguration section */
		76FCCAB71C33916E00E14939 /* Debug */ = {
			isa = XCBuildConfiguration;
			buildSettings = {
				ALWAYS_SEARCH_USER_PATHS = NO;
				CLANG_CXX_LANGUAGE_STANDARD = "gnu++0x";
				CLANG_CXX_LIBRARY = "libc++";
				CLANG_ENABLE_MODULES = YES;
				CLANG_ENABLE_OBJC_ARC = YES;
				CLANG_WARN_BOOL_CONVERSION = YES;
				CLANG_WARN_CONSTANT_CONVERSION = YES;
				CLANG_WARN_DIRECT_OBJC_ISA_USAGE = YES_ERROR;
				CLANG_WARN_EMPTY_BODY = YES;
				CLANG_WARN_ENUM_CONVERSION = YES;
				CLANG_WARN_INT_CONVERSION = YES;
				CLANG_WARN_OBJC_ROOT_CLASS = YES_ERROR;
				CLANG_WARN_UNREACHABLE_CODE = YES;
				CLANG_WARN__DUPLICATE_METHOD_MATCH = YES;
				"CODE_SIGN_IDENTITY[sdk=iphoneos*]" = "iPhone Developer";
				COPY_PHASE_STRIP = NO;
				DEBUG_INFORMATION_FORMAT = dwarf;
				ENABLE_STRICT_OBJC_MSGSEND = YES;
				ENABLE_TESTABILITY = YES;
				GCC_C_LANGUAGE_STANDARD = gnu99;
				GCC_DYNAMIC_NO_PIC = NO;
				GCC_NO_COMMON_BLOCKS = YES;
				GCC_OPTIMIZATION_LEVEL = 0;
				GCC_PREPROCESSOR_DEFINITIONS = (
					"DEBUG=1",
					"$(inherited)",
				);
				GCC_WARN_64_TO_32_BIT_CONVERSION = YES;
				GCC_WARN_ABOUT_RETURN_TYPE = YES_ERROR;
				GCC_WARN_UNDECLARED_SELECTOR = YES;
				GCC_WARN_UNINITIALIZED_AUTOS = YES_AGGRESSIVE;
				GCC_WARN_UNUSED_FUNCTION = YES;
				GCC_WARN_UNUSED_VARIABLE = YES;
				IPHONEOS_DEPLOYMENT_TARGET = 9.0;
				MTL_ENABLE_DEBUG_INFO = YES;
				ONLY_ACTIVE_ARCH = YES;
				SDKROOT = iphoneos;
				SWIFT_OPTIMIZATION_LEVEL = "-Onone";
				TARGETED_DEVICE_FAMILY = "1,2";
			};
			name = Debug;
		};
		76FCCAB81C33916E00E14939 /* Release */ = {
			isa = XCBuildConfiguration;
			buildSettings = {
				ALWAYS_SEARCH_USER_PATHS = NO;
				CLANG_CXX_LANGUAGE_STANDARD = "gnu++0x";
				CLANG_CXX_LIBRARY = "libc++";
				CLANG_ENABLE_MODULES = YES;
				CLANG_ENABLE_OBJC_ARC = YES;
				CLANG_WARN_BOOL_CONVERSION = YES;
				CLANG_WARN_CONSTANT_CONVERSION = YES;
				CLANG_WARN_DIRECT_OBJC_ISA_USAGE = YES_ERROR;
				CLANG_WARN_EMPTY_BODY = YES;
				CLANG_WARN_ENUM_CONVERSION = YES;
				CLANG_WARN_INT_CONVERSION = YES;
				CLANG_WARN_OBJC_ROOT_CLASS = YES_ERROR;
				CLANG_WARN_UNREACHABLE_CODE = YES;
				CLANG_WARN__DUPLICATE_METHOD_MATCH = YES;
				"CODE_SIGN_IDENTITY[sdk=iphoneos*]" = "iPhone Developer";
				COPY_PHASE_STRIP = NO;
				DEBUG_INFORMATION_FORMAT = "dwarf-with-dsym";
				ENABLE_NS_ASSERTIONS = NO;
				ENABLE_STRICT_OBJC_MSGSEND = YES;
				GCC_C_LANGUAGE_STANDARD = gnu99;
				GCC_NO_COMMON_BLOCKS = YES;
				GCC_WARN_64_TO_32_BIT_CONVERSION = YES;
				GCC_WARN_ABOUT_RETURN_TYPE = YES_ERROR;
				GCC_WARN_UNDECLARED_SELECTOR = YES;
				GCC_WARN_UNINITIALIZED_AUTOS = YES_AGGRESSIVE;
				GCC_WARN_UNUSED_FUNCTION = YES;
				GCC_WARN_UNUSED_VARIABLE = YES;
				IPHONEOS_DEPLOYMENT_TARGET = 9.0;
				MTL_ENABLE_DEBUG_INFO = NO;
				SDKROOT = iphoneos;
				TARGETED_DEVICE_FAMILY = "1,2";
				VALIDATE_PRODUCT = YES;
			};
			name = Release;
		};
		76FCCABA1C33916E00E14939 /* Debug */ = {
			isa = XCBuildConfiguration;
			buildSettings = {
				ASSETCATALOG_COMPILER_APPICON_NAME = AppIcon;
				INFOPLIST_FILE = stinababie/Info.plist;
				LD_RUNPATH_SEARCH_PATHS = "$(inherited) @executable_path/Frameworks";
				PRODUCT_BUNDLE_IDENTIFIER = neomadgic.stinababie;
				PRODUCT_NAME = "$(TARGET_NAME)";
			};
			name = Debug;
		};
		76FCCABB1C33916E00E14939 /* Release */ = {
			isa = XCBuildConfiguration;
			buildSettings = {
				ASSETCATALOG_COMPILER_APPICON_NAME = AppIcon;
				INFOPLIST_FILE = stinababie/Info.plist;
				LD_RUNPATH_SEARCH_PATHS = "$(inherited) @executable_path/Frameworks";
				PRODUCT_BUNDLE_IDENTIFIER = neomadgic.stinababie;
				PRODUCT_NAME = "$(TARGET_NAME)";
			};
			name = Release;
		};
/* End XCBuildConfiguration section */

/* Begin XCConfigurationList section */
		76FCCAA21C33916E00E14939 /* Build configuration list for PBXProject "stinababie" */ = {
			isa = XCConfigurationList;
			buildConfigurations = (
				76FCCAB71C33916E00E14939 /* Debug */,
				76FCCAB81C33916E00E14939 /* Release */,
			);
			defaultConfigurationIsVisible = 0;
			defaultConfigurationName = Release;
		};
		76FCCAB91C33916E00E14939 /* Build configuration list for PBXNativeTarget "stinababie" */ = {
			isa = XCConfigurationList;
			buildConfigurations = (
				76FCCABA1C33916E00E14939 /* Debug */,
				76FCCABB1C33916E00E14939 /* Release */,
			);
			defaultConfigurationIsVisible = 0;
			defaultConfigurationName = Release;
		};
/* End XCConfigurationList section */
	};
	rootObject = 76FCCA9F1C33916E00E14939 /* Project object */;
}
